<?xml version="1.0" encoding="utf-8"?>
<Project ToolsVersion="4.0" xmlns="http://schemas.microsoft.com/developer/msbuild/2003">
  <ItemGroup>
    <Filter Include="Source Files">
      <UniqueIdentifier>{4FC737F1-C7A5-4376-A066-2A32D752A2FF}</UniqueIdentifier>
      <Extensions>cpp;c;cc;cxx;c++;cppm;ixx;def;odl;idl;hpj;bat;asm;asmx</Extensions>
    </Filter>
    <Filter Include="Resource Files">
      <UniqueIdentifier>{67DA6AB6-F800-4c08-8B7A-83BB121AAD01}</UniqueIdentifier>
      <Extensions>rc;ico;cur;bmp;dlg;rc2;rct;bin;rgs;gif;jpg;jpeg;jpe;resx;tiff;tif;png;wav;mfcribbon-ms</Extensions>
    </Filter>
    <Filter Include="EVENTS">
      <UniqueIdentifier>{93995380-89BD-4b04-88EB-625FBE52EBFB}</UniqueIdentifier>
      <Extensions>h;hh;hpp;hxx;h++;hm;inl;inc;ipp;xsd</Extensions>
    </Filter>
    <Filter Include="Rovers">
      <UniqueIdentifier>{2c1dd2a7-e756-43c8-8080-84dbf921ca75}</UniqueIdentifier>
    </Filter>
    <Filter Include="Missions">
      <UniqueIdentifier>{b812abc0-9c86-4cdc-baf5-27650d160cdb}</UniqueIdentifier>
    </Filter>
    <Filter Include="MarsStation">
      <UniqueIdentifier>{f06b34c9-9423-45e4-8864-e0783bac4da4}</UniqueIdentifier>
    </Filter>
    <Filter Include="Source Files\DS_impementaion">
      <UniqueIdentifier>{f5a739ca-dc0b-4033-8aaf-d434d834d244}</UniqueIdentifier>
    </Filter>
  </ItemGroup>
  <ItemGroup>
    <ClInclude Include="Event.h">
      <Filter>EVENTS</Filter>
    </ClInclude>
    <ClInclude Include="Formulaion_Event.h">
      <Filter>EVENTS</Filter>
    </ClInclude>
    <ClInclude Include="Cancellation_Event.h">
      <Filter>EVENTS</Filter>
    </ClInclude>
    <ClInclude Include="Promotion_Event.h">
      <Filter>EVENTS</Filter>
    </ClInclude>
    <ClInclude Include="Rover.h">
      <Filter>Rovers</Filter>
    </ClInclude>
    <ClInclude Include="Emergency_Mission.h">
      <Filter>Missions</Filter>
    </ClInclude>
    <ClInclude Include="Mission.h">
      <Filter>Missions</Filter>
    </ClInclude>
    <ClInclude Include="Mountainous_Mission.h">
      <Filter>Missions</Filter>
    </ClInclude>
    <ClInclude Include="Polar_Mission.h">
      <Filter>Missions</Filter>
    </ClInclude>
    <ClInclude Include="MarsStation_Class.h">
      <Filter>EVENTS</Filter>
    </ClInclude>
    <ClInclude Include="Node.h">
      <Filter>Source Files</Filter>
    </ClInclude>
    <ClInclude Include="PriorityQueue.h">
      <Filter>Source Files</Filter>
    </ClInclude>
    <ClInclude Include="QueueADT.h">
      <Filter>Source Files</Filter>
    </ClInclude>
    <ClInclude Include="LinkedQueue.h">
      <Filter>Source Files</Filter>
    </ClInclude>
    <ClInclude Include="PriorityQueueADT.h">
      <Filter>Source Files</Filter>
    </ClInclude>
  </ItemGroup>
  <ItemGroup>
    <ClCompile Include="Event.cpp">
      <Filter>EVENTS</Filter>
    </ClCompile>
    <ClCompile Include="Formulaion_Event.cpp">
      <Filter>EVENTS</Filter>
    </ClCompile>
    <ClCompile Include="Cancellation_Event.cpp">
      <Filter>EVENTS</Filter>
    </ClCompile>
    <ClCompile Include="Promotion_Event.cpp">
      <Filter>EVENTS</Filter>
    </ClCompile>
    <ClCompile Include="Emergency_Mission.cpp">
      <Filter>Missions</Filter>
    </ClCompile>
    <ClCompile Include="Mission.cpp">
      <Filter>Missions</Filter>
    </ClCompile>
    <ClCompile Include="Mountainous_Mission.cpp">
      <Filter>Missions</Filter>
    </ClCompile>
    <ClCompile Include="Polar_Mission.cpp">
      <Filter>Missions</Filter>
    </ClCompile>
    <ClCompile Include="MarsStation_Class.cpp">
      <Filter>MarsStation</Filter>
    </ClCompile>
  </ItemGroup>
</Project>